
Microsoft Visual Studio Solution File, Format Version 12.00
# Visual Studio Version 17
VisualStudioVersion = 17.3.32901.215
MinimumVisualStudioVersion = 10.0.40219.1
Project("{FAE04EC0-301F-11D3-BF4B-00C04F79EFBC}") = "Arraybook", "Arraybook\Arraybook.csproj", "{1E350FE8-C35B-4B22-98A3-A62C6A901AFF}"
EndProject
Global
	GlobalSection(SolutionConfigurationPlatforms) = preSolution
		Debug|Any CPU = Debug|Any CPU
		Release|Any CPU = Release|Any CPU
	EndGlobalSection
	GlobalSection(ProjectConfigurationPlatforms) = postSolution
		{1E350FE8-C35B-4B22-98A3-A62C6A901AFF}.Debug|Any CPU.ActiveCfg = Debug|Any CPU
		{1E350FE8-C35B-4B22-98A3-A62C6A901AFF}.Debug|Any CPU.Build.0 = Debug|Any CPU
		{1E350FE8-C35B-4B22-98A3-A62C6A901AFF}.Release|Any CPU.ActiveCfg = Release|Any CPU
		{1E350FE8-C35B-4B22-98A3-A62C6A901AFF}.Release|Any CPU.Build.0 = Release|Any CPU
	EndGlobalSection
	GlobalSection(SolutionProperties) = preSolution
		HideSolutionNode = FALSE
	EndGlobalSection
	GlobalSection(ExtensibilityGlobals) = postSolution
		SolutionGuid = {E3EBD47B-2A9B-41CC-9A9C-62B7CAF4A7A0}
	EndGlobalSection
EndGlobal
